
Microsoft Visual Studio Solution File, Format Version 12.00
# Visual Studio Version 17
VisualStudioVersion = 17.5.33502.453
MinimumVisualStudioVersion = 10.0.40219.1
Project("{9A19103F-16F7-4668-BE54-9A1E7A4F7556}") = "GYM-MVC", "GYM\GYM-MVC.csproj", "{2E66C3E1-418E-4BB6-AA46-035A82661274}"
EndProject
Project("{9A19103F-16F7-4668-BE54-9A1E7A4F7556}") = "GYM-API", "GYM-API\GYM-API.csproj", "{63A9F3E8-8C17-4FC0-89D9-28B83C6510FD}"
EndProject
Project("{9A19103F-16F7-4668-BE54-9A1E7A4F7556}") = "GYM.Entities", "GYM.Entities\GYM.Entities.csproj", "{29B85B22-4B0B-4053-B023-E3FC4CB43576}"
EndProject
Project("{9A19103F-16F7-4668-BE54-9A1E7A4F7556}") = "GYM.DataAccessLayer", "GYM.DataAccessLayer\GYM.DataAccessLayer.csproj", "{81E0F4C4-FBC6-47F3-A75D-C412B7DF1B13}"
EndProject
Project("{9A19103F-16F7-4668-BE54-9A1E7A4F7556}") = "GYM.Business", "GYM.Business\GYM.Business.csproj", "{72DF89C8-642E-435B-AB0F-401F23748DE4}"
EndProject
Project("{9A19103F-16F7-4668-BE54-9A1E7A4F7556}") = "GYM-MVC-NTIER", "GYM-MVC-NTIER\GYM-MVC-NTIER.csproj", "{1A5CE611-64DB-4F49-845D-358A30231CC3}"
EndProject
Project("{9A19103F-16F7-4668-BE54-9A1E7A4F7556}") = "GYM-API-NTIER", "GYM-API-NTIER\GYM-API-NTIER.csproj", "{BCF855E3-8892-4FBC-AE74-A59722F78E9E}"
EndProject
Project("{9A19103F-16F7-4668-BE54-9A1E7A4F7556}") = "GYM-API-NTIER-ASYN", "GYM-API-NTIER-ASYN\GYM-API-NTIER-ASYN.csproj", "{67D87AC2-9371-4577-9AF8-0A3396882360}"
EndProject
Project("{9A19103F-16F7-4668-BE54-9A1E7A4F7556}") = "GYM.Entities.Asyn", "GYM.Entities.Asyn\GYM.Entities.Asyn.csproj", "{E795CB2E-7EFD-4DCA-A882-C42C33EBAF5A}"
EndProject
Project("{9A19103F-16F7-4668-BE54-9A1E7A4F7556}") = "GYM.DataAccessLayer.Asyn", "GYM.DataAccessLayer.Asyn\GYM.DataAccessLayer.Asyn.csproj", "{56F8B048-ECBA-46C2-9BF5-A4D3A4E605C0}"
EndProject
Project("{9A19103F-16F7-4668-BE54-9A1E7A4F7556}") = "GYM.Business.Asyn", "GYM.Business.Asyn\GYM.Business.Asyn.csproj", "{FC3D5F5C-F12B-48D6-B032-919984F555BD}"
EndProject
Project("{FAE04EC0-301F-11D3-BF4B-00C04F79EFBC}") = "GYM-MVC-NTIER-ASYN", "GYM-MVC-NTIER-ASYN\GYM-MVC-NTIER-ASYN.csproj", "{374BFBF2-1AC8-4030-9BF7-44346D2219A9}"
EndProject
Global
	GlobalSection(SolutionConfigurationPlatforms) = preSolution
		Debug|Any CPU = Debug|Any CPU
		Release|Any CPU = Release|Any CPU
	EndGlobalSection
	GlobalSection(ProjectConfigurationPlatforms) = postSolution
		{2E66C3E1-418E-4BB6-AA46-035A82661274}.Debug|Any CPU.ActiveCfg = Debug|Any CPU
		{2E66C3E1-418E-4BB6-AA46-035A82661274}.Debug|Any CPU.Build.0 = Debug|Any CPU
		{2E66C3E1-418E-4BB6-AA46-035A82661274}.Release|Any CPU.ActiveCfg = Release|Any CPU
		{2E66C3E1-418E-4BB6-AA46-035A82661274}.Release|Any CPU.Build.0 = Release|Any CPU
		{63A9F3E8-8C17-4FC0-89D9-28B83C6510FD}.Debug|Any CPU.ActiveCfg = Debug|Any CPU
		{63A9F3E8-8C17-4FC0-89D9-28B83C6510FD}.Debug|Any CPU.Build.0 = Debug|Any CPU
		{63A9F3E8-8C17-4FC0-89D9-28B83C6510FD}.Release|Any CPU.ActiveCfg = Release|Any CPU
		{63A9F3E8-8C17-4FC0-89D9-28B83C6510FD}.Release|Any CPU.Build.0 = Release|Any CPU
		{29B85B22-4B0B-4053-B023-E3FC4CB43576}.Debug|Any CPU.ActiveCfg = Debug|Any CPU
		{29B85B22-4B0B-4053-B023-E3FC4CB43576}.Debug|Any CPU.Build.0 = Debug|Any CPU
		{29B85B22-4B0B-4053-B023-E3FC4CB43576}.Release|Any CPU.ActiveCfg = Release|Any CPU
		{29B85B22-4B0B-4053-B023-E3FC4CB43576}.Release|Any CPU.Build.0 = Release|Any CPU
		{81E0F4C4-FBC6-47F3-A75D-C412B7DF1B13}.Debug|Any CPU.ActiveCfg = Debug|Any CPU
		{81E0F4C4-FBC6-47F3-A75D-C412B7DF1B13}.Debug|Any CPU.Build.0 = Debug|Any CPU
		{81E0F4C4-FBC6-47F3-A75D-C412B7DF1B13}.Release|Any CPU.ActiveCfg = Release|Any CPU
		{81E0F4C4-FBC6-47F3-A75D-C412B7DF1B13}.Release|Any CPU.Build.0 = Release|Any CPU
		{72DF89C8-642E-435B-AB0F-401F23748DE4}.Debug|Any CPU.ActiveCfg = Debug|Any CPU
		{72DF89C8-642E-435B-AB0F-401F23748DE4}.Debug|Any CPU.Build.0 = Debug|Any CPU
		{72DF89C8-642E-435B-AB0F-401F23748DE4}.Release|Any CPU.ActiveCfg = Release|Any CPU
		{72DF89C8-642E-435B-AB0F-401F23748DE4}.Release|Any CPU.Build.0 = Release|Any CPU
		{1A5CE611-64DB-4F49-845D-358A30231CC3}.Debug|Any CPU.ActiveCfg = Debug|Any CPU
		{1A5CE611-64DB-4F49-845D-358A30231CC3}.Debug|Any CPU.Build.0 = Debug|Any CPU
		{1A5CE611-64DB-4F49-845D-358A30231CC3}.Release|Any CPU.ActiveCfg = Release|Any CPU
		{1A5CE611-64DB-4F49-845D-358A30231CC3}.Release|Any CPU.Build.0 = Release|Any CPU
		{BCF855E3-8892-4FBC-AE74-A59722F78E9E}.Debug|Any CPU.ActiveCfg = Debug|Any CPU
		{BCF855E3-8892-4FBC-AE74-A59722F78E9E}.Debug|Any CPU.Build.0 = Debug|Any CPU
		{BCF855E3-8892-4FBC-AE74-A59722F78E9E}.Release|Any CPU.ActiveCfg = Release|Any CPU
		{BCF855E3-8892-4FBC-AE74-A59722F78E9E}.Release|Any CPU.Build.0 = Release|Any CPU
		{67D87AC2-9371-4577-9AF8-0A3396882360}.Debug|Any CPU.ActiveCfg = Debug|Any CPU
		{67D87AC2-9371-4577-9AF8-0A3396882360}.Debug|Any CPU.Build.0 = Debug|Any CPU
		{67D87AC2-9371-4577-9AF8-0A3396882360}.Release|Any CPU.ActiveCfg = Release|Any CPU
		{67D87AC2-9371-4577-9AF8-0A3396882360}.Release|Any CPU.Build.0 = Release|Any CPU
		{E795CB2E-7EFD-4DCA-A882-C42C33EBAF5A}.Debug|Any CPU.ActiveCfg = Debug|Any CPU
		{E795CB2E-7EFD-4DCA-A882-C42C33EBAF5A}.Debug|Any CPU.Build.0 = Debug|Any CPU
		{E795CB2E-7EFD-4DCA-A882-C42C33EBAF5A}.Release|Any CPU.ActiveCfg = Release|Any CPU
		{E795CB2E-7EFD-4DCA-A882-C42C33EBAF5A}.Release|Any CPU.Build.0 = Release|Any CPU
		{56F8B048-ECBA-46C2-9BF5-A4D3A4E605C0}.Debug|Any CPU.ActiveCfg = Debug|Any CPU
		{56F8B048-ECBA-46C2-9BF5-A4D3A4E605C0}.Debug|Any CPU.Build.0 = Debug|Any CPU
		{56F8B048-ECBA-46C2-9BF5-A4D3A4E605C0}.Release|Any CPU.ActiveCfg = Release|Any CPU
		{56F8B048-ECBA-46C2-9BF5-A4D3A4E605C0}.Release|Any CPU.Build.0 = Release|Any CPU
		{FC3D5F5C-F12B-48D6-B032-919984F555BD}.Debug|Any CPU.ActiveCfg = Debug|Any CPU
		{FC3D5F5C-F12B-48D6-B032-919984F555BD}.Debug|Any CPU.Build.0 = Debug|Any CPU
		{FC3D5F5C-F12B-48D6-B032-919984F555BD}.Release|Any CPU.ActiveCfg = Release|Any CPU
		{FC3D5F5C-F12B-48D6-B032-919984F555BD}.Release|Any CPU.Build.0 = Release|Any CPU
		{374BFBF2-1AC8-4030-9BF7-44346D2219A9}.Debug|Any CPU.ActiveCfg = Debug|Any CPU
		{374BFBF2-1AC8-4030-9BF7-44346D2219A9}.Debug|Any CPU.Build.0 = Debug|Any CPU
		{374BFBF2-1AC8-4030-9BF7-44346D2219A9}.Release|Any CPU.ActiveCfg = Release|Any CPU
		{374BFBF2-1AC8-4030-9BF7-44346D2219A9}.Release|Any CPU.Build.0 = Release|Any CPU
	EndGlobalSection
	GlobalSection(SolutionProperties) = preSolution
		HideSolutionNode = FALSE
	EndGlobalSection
	GlobalSection(ExtensibilityGlobals) = postSolution
		SolutionGuid = {06CCFBD2-E82C-4472-A62B-6746D286D631}
	EndGlobalSection
EndGlobal
